
Microsoft Visual Studio Solution File, Format Version 12.00
Project("{FAE04EC0-301F-11D3-BF4B-00C04F79EFBC}") = "dt191g-moment13", "dt191g-moment13.csproj", "{00536600-E2D4-45F1-8F86-651EFC04AA53}"
EndProject
Global
	GlobalSection(SolutionConfigurationPlatforms) = preSolution
		Debug|Any CPU = Debug|Any CPU
		Release|Any CPU = Release|Any CPU
	EndGlobalSection
	GlobalSection(ProjectConfigurationPlatforms) = postSolution
		{00536600-E2D4-45F1-8F86-651EFC04AA53}.Debug|Any CPU.ActiveCfg = Debug|Any CPU
		{00536600-E2D4-45F1-8F86-651EFC04AA53}.Debug|Any CPU.Build.0 = Debug|Any CPU
		{00536600-E2D4-45F1-8F86-651EFC04AA53}.Release|Any CPU.ActiveCfg = Release|Any CPU
		{00536600-E2D4-45F1-8F86-651EFC04AA53}.Release|Any CPU.Build.0 = Release|Any CPU
	EndGlobalSection
EndGlobal
